// !$*UTF8*$!
{
	archiveVersion = 1;
	classes = {
	};
	objectVersion = 55;
	objects = {

/* Begin PBXBuildFile section */
		5543F40357AEE42164DC141E /* Pods_ShoppingMall_Event_Page_App.framework in Frameworks */ = {isa = PBXBuildFile; fileRef = 319DFD724A420DD443D67D7E /* Pods_ShoppingMall_Event_Page_App.framework */; };
		F158194B27688BD200C1CCEF /* AppDelegate.swift in Sources */ = {isa = PBXBuildFile; fileRef = F158194A27688BD200C1CCEF /* AppDelegate.swift */; };
		F158194D27688BD200C1CCEF /* SceneDelegate.swift in Sources */ = {isa = PBXBuildFile; fileRef = F158194C27688BD200C1CCEF /* SceneDelegate.swift */; };
		F158194F27688BD200C1CCEF /* ViewController.swift in Sources */ = {isa = PBXBuildFile; fileRef = F158194E27688BD200C1CCEF /* ViewController.swift */; };
		F158195227688BD200C1CCEF /* Main.storyboard in Resources */ = {isa = PBXBuildFile; fileRef = F158195027688BD200C1CCEF /* Main.storyboard */; };
		F158195427688BD400C1CCEF /* Assets.xcassets in Resources */ = {isa = PBXBuildFile; fileRef = F158195327688BD400C1CCEF /* Assets.xcassets */; };
		F158195727688BD400C1CCEF /* LaunchScreen.storyboard in Resources */ = {isa = PBXBuildFile; fileRef = F158195527688BD400C1CCEF /* LaunchScreen.storyboard */; };
		F15819612768A61300C1CCEF /* ShoppingMallData.swift in Sources */ = {isa = PBXBuildFile; fileRef = F15819602768A61300C1CCEF /* ShoppingMallData.swift */; };
/* End PBXBuildFile section */

/* Begin PBXFileReference section */
		2A953E66A2EA0E33C66329BA /* Pods-ShoppingMall_Event_Page_App.debug.xcconfig */ = {isa = PBXFileReference; includeInIndex = 1; lastKnownFileType = text.xcconfig; name = "Pods-ShoppingMall_Event_Page_App.debug.xcconfig"; path = "Target Support Files/Pods-ShoppingMall_Event_Page_App/Pods-ShoppingMall_Event_Page_App.debug.xcconfig"; sourceTree = "<group>"; };
		319DFD724A420DD443D67D7E /* Pods_ShoppingMall_Event_Page_App.framework */ = {isa = PBXFileReference; explicitFileType = wrapper.framework; includeInIndex = 0; path = Pods_ShoppingMall_Event_Page_App.framework; sourceTree = BUILT_PRODUCTS_DIR; };
		BDCD355673670B57E8100D53 /* Pods-ShoppingMall_Event_Page_App.release.xcconfig */ = {isa = PBXFileReference; includeInIndex = 1; lastKnownFileType = text.xcconfig; name = "Pods-ShoppingMall_Event_Page_App.release.xcconfig"; path = "Target Support Files/Pods-ShoppingMall_Event_Page_App/Pods-ShoppingMall_Event_Page_App.release.xcconfig"; sourceTree = "<group>"; };
		F158194727688BD200C1CCEF /* ShoppingMall_Event_Page_App.app */ = {isa = PBXFileReference; explicitFileType = wrapper.application; includeInIndex = 0; path = ShoppingMall_Event_Page_App.app; sourceTree = BUILT_PRODUCTS_DIR; };
		F158194A27688BD200C1CCEF /* AppDelegate.swift */ = {isa = PBXFileReference; lastKnownFileType = sourcecode.swift; path = AppDelegate.swift; sourceTree = "<group>"; };
		F158194C27688BD200C1CCEF /* SceneDelegate.swift */ = {isa = PBXFileReference; lastKnownFileType = sourcecode.swift; path = SceneDelegate.swift; sourceTree = "<group>"; };
		F158194E27688BD200C1CCEF /* ViewController.swift */ = {isa = PBXFileReference; lastKnownFileType = sourcecode.swift; path = ViewController.swift; sourceTree = "<group>"; };
		F158195127688BD200C1CCEF /* Base */ = {isa = PBXFileReference; lastKnownFileType = file.storyboard; name = Base; path = Base.lproj/Main.storyboard; sourceTree = "<group>"; };
		F158195327688BD400C1CCEF /* Assets.xcassets */ = {isa = PBXFileReference; lastKnownFileType = folder.assetcatalog; path = Assets.xcassets; sourceTree = "<group>"; };
		F158195627688BD400C1CCEF /* Base */ = {isa = PBXFileReference; lastKnownFileType = file.storyboard; name = Base; path = Base.lproj/LaunchScreen.storyboard; sourceTree = "<group>"; };
		F158195827688BD400C1CCEF /* Info.plist */ = {isa = PBXFileReference; lastKnownFileType = text.plist.xml; path = Info.plist; sourceTree = "<group>"; };
		F15819602768A61300C1CCEF /* ShoppingMallData.swift */ = {isa = PBXFileReference; lastKnownFileType = sourcecode.swift; path = ShoppingMallData.swift; sourceTree = "<group>"; };
/* End PBXFileReference section */

/* Begin PBXFrameworksBuildPhase section */
		F158194427688BD200C1CCEF /* Frameworks */ = {
			isa = PBXFrameworksBuildPhase;
			buildActionMask = 2147483647;
			files = (
				5543F40357AEE42164DC141E /* Pods_ShoppingMall_Event_Page_App.framework in Frameworks */,
			);
			runOnlyForDeploymentPostprocessing = 0;
		};
/* End PBXFrameworksBuildPhase section */

/* Begin PBXGroup section */
		7734CBAE98C7E0F1EB0216B7 /* Pods */ = {
			isa = PBXGroup;
			children = (
				2A953E66A2EA0E33C66329BA /* Pods-ShoppingMall_Event_Page_App.debug.xcconfig */,
				BDCD355673670B57E8100D53 /* Pods-ShoppingMall_Event_Page_App.release.xcconfig */,
			);
			path = Pods;
			sourceTree = "<group>";
		};
		E12428E6B435D91C1A77B62A /* Frameworks */ = {
			isa = PBXGroup;
			children = (
				319DFD724A420DD443D67D7E /* Pods_ShoppingMall_Event_Page_App.framework */,
			);
			name = Frameworks;
			sourceTree = "<group>";
		};
		F158193E27688BD200C1CCEF = {
			isa = PBXGroup;
			children = (
				F158194927688BD200C1CCEF /* ShoppingMall_Event_Page_App */,
				F158194827688BD200C1CCEF /* Products */,
				7734CBAE98C7E0F1EB0216B7 /* Pods */,
				E12428E6B435D91C1A77B62A /* Frameworks */,
			);
			sourceTree = "<group>";
		};
		F158194827688BD200C1CCEF /* Products */ = {
			isa = PBXGroup;
			children = (
				F158194727688BD200C1CCEF /* ShoppingMall_Event_Page_App.app */,
			);
			name = Products;
			sourceTree = "<group>";
		};
		F158194927688BD200C1CCEF /* ShoppingMall_Event_Page_App */ = {
			isa = PBXGroup;
			children = (
				F158195F27688F7E00C1CCEF /* Data */,
				F158195E27688F7000C1CCEF /* Function */,
				F158194A27688BD200C1CCEF /* AppDelegate.swift */,
				F158194C27688BD200C1CCEF /* SceneDelegate.swift */,
				F158194E27688BD200C1CCEF /* ViewController.swift */,
				F158195027688BD200C1CCEF /* Main.storyboard */,
				F158195327688BD400C1CCEF /* Assets.xcassets */,
				F158195527688BD400C1CCEF /* LaunchScreen.storyboard */,
				F158195827688BD400C1CCEF /* Info.plist */,
			);
			path = ShoppingMall_Event_Page_App;
			sourceTree = "<group>";
		};
		F158195E27688F7000C1CCEF /* Function */ = {
			isa = PBXGroup;
			children = (
			);
			path = Function;
			sourceTree = "<group>";
		};
		F158195F27688F7E00C1CCEF /* Data */ = {
			isa = PBXGroup;
			children = (
				F15819602768A61300C1CCEF /* ShoppingMallData.swift */,
			);
			path = Data;
			sourceTree = "<group>";
		};
/* End PBXGroup section */

/* Begin PBXNativeTarget section */
		F158194627688BD200C1CCEF /* ShoppingMall_Event_Page_App */ = {
			isa = PBXNativeTarget;
			buildConfigurationList = F158195B27688BD400C1CCEF /* Build configuration list for PBXNativeTarget "ShoppingMall_Event_Page_App" */;
			buildPhases = (
				32E6E0A9FE0BB64072B1AE08 /* [CP] Check Pods Manifest.lock */,
				F158194327688BD200C1CCEF /* Sources */,
				F158194427688BD200C1CCEF /* Frameworks */,
				F158194527688BD200C1CCEF /* Resources */,
				3CA555BA63E93DFD8875CACE /* [CP] Embed Pods Frameworks */,
			);
			buildRules = (
			);
			dependencies = (
			);
			name = ShoppingMall_Event_Page_App;
			productName = ShoppingMall_Event_Page_App;
			productReference = F158194727688BD200C1CCEF /* ShoppingMall_Event_Page_App.app */;
			productType = "com.apple.product-type.application";
		};
/* End PBXNativeTarget section */

/* Begin PBXProject section */
		F158193F27688BD200C1CCEF /* Project object */ = {
			isa = PBXProject;
			attributes = {
				BuildIndependentTargetsInParallel = 1;
				LastSwiftUpdateCheck = 1320;
				LastUpgradeCheck = 1320;
				TargetAttributes = {
					F158194627688BD200C1CCEF = {
						CreatedOnToolsVersion = 13.2;
					};
				};
			};
			buildConfigurationList = F158194227688BD200C1CCEF /* Build configuration list for PBXProject "ShoppingMall_Event_Page_App" */;
			compatibilityVersion = "Xcode 13.0";
			developmentRegion = en;
			hasScannedForEncodings = 0;
			knownRegions = (
				en,
				Base,
			);
			mainGroup = F158193E27688BD200C1CCEF;
			productRefGroup = F158194827688BD200C1CCEF /* Products */;
			projectDirPath = "";
			projectRoot = "";
			targets = (
				F158194627688BD200C1CCEF /* ShoppingMall_Event_Page_App */,
			);
		};
/* End PBXProject section */

/* Begin PBXResourcesBuildPhase section */
		F158194527688BD200C1CCEF /* Resources */ = {
			isa = PBXResourcesBuildPhase;
			buildActionMask = 2147483647;
			files = (
				F158195727688BD400C1CCEF /* LaunchScreen.storyboard in Resources */,
				F158195427688BD400C1CCEF /* Assets.xcassets in Resources */,
				F158195227688BD200C1CCEF /* Main.storyboard in Resources */,
			);
			runOnlyForDeploymentPostprocessing = 0;
		};
/* End PBXResourcesBuildPhase section */

/* Begin PBXShellScriptBuildPhase section */
		32E6E0A9FE0BB64072B1AE08 /* [CP] Check Pods Manifest.lock */ = {
			isa = PBXShellScriptBuildPhase;
			buildActionMask = 2147483647;
			files = (
			);
			inputFileListPaths = (
			);
			inputPaths = (
				"${PODS_PODFILE_DIR_PATH}/Podfile.lock",
				"${PODS_ROOT}/Manifest.lock",
			);
			name = "[CP] Check Pods Manifest.lock";
			outputFileListPaths = (
			);
			outputPaths = (
				"$(DERIVED_FILE_DIR)/Pods-ShoppingMall_Event_Page_App-checkManifestLockResult.txt",
			);
			runOnlyForDeploymentPostprocessing = 0;
			shellPath = /bin/sh;
			shellScript = "diff \"${PODS_PODFILE_DIR_PATH}/Podfile.lock\" \"${PODS_ROOT}/Manifest.lock\" > /dev/null\nif [ $? != 0 ] ; then\n    # print error to STDERR\n    echo \"error: The sandbox is not in sync with the Podfile.lock. Run 'pod install' or update your CocoaPods installation.\" >&2\n    exit 1\nfi\n# This output is used by Xcode 'outputs' to avoid re-running this script phase.\necho \"SUCCESS\" > \"${SCRIPT_OUTPUT_FILE_0}\"\n";
			showEnvVarsInLog = 0;
		};
		3CA555BA63E93DFD8875CACE /* [CP] Embed Pods Frameworks */ = {
			isa = PBXShellScriptBuildPhase;
			buildActionMask = 2147483647;
			files = (
			);
			inputFileListPaths = (
				"${PODS_ROOT}/Target Support Files/Pods-ShoppingMall_Event_Page_App/Pods-ShoppingMall_Event_Page_App-frameworks-${CONFIGURATION}-input-files.xcfilelist",
			);
			name = "[CP] Embed Pods Frameworks";
			outputFileListPaths = (
				"${PODS_ROOT}/Target Support Files/Pods-ShoppingMall_Event_Page_App/Pods-ShoppingMall_Event_Page_App-frameworks-${CONFIGURATION}-output-files.xcfilelist",
			);
			runOnlyForDeploymentPostprocessing = 0;
			shellPath = /bin/sh;
			shellScript = "\"${PODS_ROOT}/Target Support Files/Pods-ShoppingMall_Event_Page_App/Pods-ShoppingMall_Event_Page_App-frameworks.sh\"\n";
			showEnvVarsInLog = 0;
		};
/* End PBXShellScriptBuildPhase section */

/* Begin PBXSourcesBuildPhase section */
		F158194327688BD200C1CCEF /* Sources */ = {
			isa = PBXSourcesBuildPhase;
			buildActionMask = 2147483647;
			files = (
				F158194F27688BD200C1CCEF /* ViewController.swift in Sources */,
				F15819612768A61300C1CCEF /* ShoppingMallData.swift in Sources */,
				F158194B27688BD200C1CCEF /* AppDelegate.swift in Sources */,
				F158194D27688BD200C1CCEF /* SceneDelegate.swift in Sources */,
			);
			runOnlyForDeploymentPostprocessing = 0;
		};
/* End PBXSourcesBuildPhase section */

/* Begin PBXVariantGroup section */
		F158195027688BD200C1CCEF /* Main.storyboard */ = {
			isa = PBXVariantGroup;
			children = (
				F158195127688BD200C1CCEF /* Base */,
			);
			name = Main.storyboard;
			sourceTree = "<group>";
		};
		F158195527688BD400C1CCEF /* LaunchScreen.storyboard */ = {
			isa = PBXVariantGroup;
			children = (
				F158195627688BD400C1CCEF /* Base */,
			);
			name = LaunchScreen.storyboard;
			sourceTree = "<group>";
		};
/* End PBXVariantGroup section */

/* Begin XCBuildConfiguration section */
		F158195927688BD400C1CCEF /* Debug */ = {
			isa = XCBuildConfiguration;
			buildSettings = {
				ALWAYS_SEARCH_USER_PATHS = NO;
				CLANG_ANALYZER_NONNULL = YES;
				CLANG_ANALYZER_NUMBER_OBJECT_CONVERSION = YES_AGGRESSIVE;
				CLANG_CXX_LANGUAGE_STANDARD = "gnu++17";
				CLANG_CXX_LIBRARY = "libc++";
				CLANG_ENABLE_MODULES = YES;
				CLANG_ENABLE_OBJC_ARC = YES;
				CLANG_ENABLE_OBJC_WEAK = YES;
				CLANG_WARN_BLOCK_CAPTURE_AUTORELEASING = YES;
				CLANG_WARN_BOOL_CONVERSION = YES;
				CLANG_WARN_COMMA = YES;
				CLANG_WARN_CONSTANT_CONVERSION = YES;
				CLANG_WARN_DEPRECATED_OBJC_IMPLEMENTATIONS = YES;
				CLANG_WARN_DIRECT_OBJC_ISA_USAGE = YES_ERROR;
				CLANG_WARN_DOCUMENTATION_COMMENTS = YES;
				CLANG_WARN_EMPTY_BODY = YES;
				CLANG_WARN_ENUM_CONVERSION = YES;
				CLANG_WARN_INFINITE_RECURSION = YES;
				CLANG_WARN_INT_CONVERSION = YES;
				CLANG_WARN_NON_LITERAL_NULL_CONVERSION = YES;
				CLANG_WARN_OBJC_IMPLICIT_RETAIN_SELF = YES;
				CLANG_WARN_OBJC_LITERAL_CONVERSION = YES;
				CLANG_WARN_OBJC_ROOT_CLASS = YES_ERROR;
				CLANG_WARN_QUOTED_INCLUDE_IN_FRAMEWORK_HEADER = YES;
				CLANG_WARN_RANGE_LOOP_ANALYSIS = YES;
				CLANG_WARN_STRICT_PROTOTYPES = YES;
				CLANG_WARN_SUSPICIOUS_MOVE = YES;
				CLANG_WARN_UNGUARDED_AVAILABILITY = YES_AGGRESSIVE;
				CLANG_WARN_UNREACHABLE_CODE = YES;
				CLANG_WARN__DUPLICATE_METHOD_MATCH = YES;
				COPY_PHASE_STRIP = NO;
				DEBUG_INFORMATION_FORMAT = dwarf;
				ENABLE_STRICT_OBJC_MSGSEND = YES;
				ENABLE_TESTABILITY = YES;
				GCC_C_LANGUAGE_STANDARD = gnu11;
				GCC_DYNAMIC_NO_PIC = NO;
				GCC_NO_COMMON_BLOCKS = YES;
				GCC_OPTIMIZATION_LEVEL = 0;
				GCC_PREPROCESSOR_DEFINITIONS = (
					"DEBUG=1",
					"$(inherited)",
				);
				GCC_WARN_64_TO_32_BIT_CONVERSION = YES;
				GCC_WARN_ABOUT_RETURN_TYPE = YES_ERROR;
				GCC_WARN_UNDECLARED_SELECTOR = YES;
				GCC_WARN_UNINITIALIZED_AUTOS = YES_AGGRESSIVE;
				GCC_WARN_UNUSED_FUNCTION = YES;
				GCC_WARN_UNUSED_VARIABLE = YES;
				IPHONEOS_DEPLOYMENT_TARGET = 15.2;
				MTL_ENABLE_DEBUG_INFO = INCLUDE_SOURCE;
				MTL_FAST_MATH = YES;
				ONLY_ACTIVE_ARCH = YES;
				SDKROOT = iphoneos;
				SWIFT_ACTIVE_COMPILATION_CONDITIONS = DEBUG;
				SWIFT_OPTIMIZATION_LEVEL = "-Onone";
			};
			name = Debug;
		};
		F158195A27688BD400C1CCEF /* Release */ = {
			isa = XCBuildConfiguration;
			buildSettings = {
				ALWAYS_SEARCH_USER_PATHS = NO;
				CLANG_ANALYZER_NONNULL = YES;
				CLANG_ANALYZER_NUMBER_OBJECT_CONVERSION = YES_AGGRESSIVE;
				CLANG_CXX_LANGUAGE_STANDARD = "gnu++17";
				CLANG_CXX_LIBRARY = "libc++";
				CLANG_ENABLE_MODULES = YES;
				CLANG_ENABLE_OBJC_ARC = YES;
				CLANG_ENABLE_OBJC_WEAK = YES;
				CLANG_WARN_BLOCK_CAPTURE_AUTORELEASING = YES;
				CLANG_WARN_BOOL_CONVERSION = YES;
				CLANG_WARN_COMMA = YES;
				CLANG_WARN_CONSTANT_CONVERSION = YES;
				CLANG_WARN_DEPRECATED_OBJC_IMPLEMENTATIONS = YES;
				CLANG_WARN_DIRECT_OBJC_ISA_USAGE = YES_ERROR;
				CLANG_WARN_DOCUMENTATION_COMMENTS = YES;
				CLANG_WARN_EMPTY_BODY = YES;
				CLANG_WARN_ENUM_CONVERSION = YES;
				CLANG_WARN_INFINITE_RECURSION = YES;
				CLANG_WARN_INT_CONVERSION = YES;
				CLANG_WARN_NON_LITERAL_NULL_CONVERSION = YES;
				CLANG_WARN_OBJC_IMPLICIT_RETAIN_SELF = YES;
				CLANG_WARN_OBJC_LITERAL_CONVERSION = YES;
				CLANG_WARN_OBJC_ROOT_CLASS = YES_ERROR;
				CLANG_WARN_QUOTED_INCLUDE_IN_FRAMEWORK_HEADER = YES;
				CLANG_WARN_RANGE_LOOP_ANALYSIS = YES;
				CLANG_WARN_STRICT_PROTOTYPES = YES;
				CLANG_WARN_SUSPICIOUS_MOVE = YES;
				CLANG_WARN_UNGUARDED_AVAILABILITY = YES_AGGRESSIVE;
				CLANG_WARN_UNREACHABLE_CODE = YES;
				CLANG_WARN__DUPLICATE_METHOD_MATCH = YES;
				COPY_PHASE_STRIP = NO;
				DEBUG_INFORMATION_FORMAT = "dwarf-with-dsym";
				ENABLE_NS_ASSERTIONS = NO;
				ENABLE_STRICT_OBJC_MSGSEND = YES;
				GCC_C_LANGUAGE_STANDARD = gnu11;
				GCC_NO_COMMON_BLOCKS = YES;
				GCC_WARN_64_TO_32_BIT_CONVERSION = YES;
				GCC_WARN_ABOUT_RETURN_TYPE = YES_ERROR;
				GCC_WARN_UNDECLARED_SELECTOR = YES;
				GCC_WARN_UNINITIALIZED_AUTOS = YES_AGGRESSIVE;
				GCC_WARN_UNUSED_FUNCTION = YES;
				GCC_WARN_UNUSED_VARIABLE = YES;
				IPHONEOS_DEPLOYMENT_TARGET = 15.2;
				MTL_ENABLE_DEBUG_INFO = NO;
				MTL_FAST_MATH = YES;
				SDKROOT = iphoneos;
				SWIFT_COMPILATION_MODE = wholemodule;
				SWIFT_OPTIMIZATION_LEVEL = "-O";
				VALIDATE_PRODUCT = YES;
			};
			name = Release;
		};
		F158195C27688BD400C1CCEF /* Debug */ = {
			isa = XCBuildConfiguration;
			baseConfigurationReference = 2A953E66A2EA0E33C66329BA /* Pods-ShoppingMall_Event_Page_App.debug.xcconfig */;
			buildSettings = {
				ASSETCATALOG_COMPILER_APPICON_NAME = AppIcon;
				ASSETCATALOG_COMPILER_GLOBAL_ACCENT_COLOR_NAME = AccentColor;
				CODE_SIGN_STYLE = Automatic;
				CURRENT_PROJECT_VERSION = 1;
				GENERATE_INFOPLIST_FILE = YES;
				INFOPLIST_FILE = ShoppingMall_Event_Page_App/Info.plist;
				INFOPLIST_KEY_UIApplicationSupportsIndirectInputEvents = YES;
				INFOPLIST_KEY_UILaunchStoryboardName = LaunchScreen;
				INFOPLIST_KEY_UIMainStoryboardFile = Main;
				INFOPLIST_KEY_UISupportedInterfaceOrientations_iPad = "UIInterfaceOrientationPortrait UIInterfaceOrientationPortraitUpsideDown UIInterfaceOrientationLandscapeLeft UIInterfaceOrientationLandscapeRight";
				INFOPLIST_KEY_UISupportedInterfaceOrientations_iPhone = "UIInterfaceOrientationPortrait UIInterfaceOrientationLandscapeLeft UIInterfaceOrientationLandscapeRight";
				LD_RUNPATH_SEARCH_PATHS = (
					"$(inherited)",
					"@executable_path/Frameworks",
				);
				MARKETING_VERSION = 1.0;
				PRODUCT_BUNDLE_IDENTIFIER = "co.godo.ShoppingMall-Event-Page-App";
				PRODUCT_NAME = "$(TARGET_NAME)";
				SWIFT_EMIT_LOC_STRINGS = YES;
				SWIFT_VERSION = 5.0;
				TARGETED_DEVICE_FAMILY = "1,2";
			};
			name = Debug;
		};
		F158195D27688BD400C1CCEF /* Release */ = {
			isa = XCBuildConfiguration;
			baseConfigurationReference = BDCD355673670B57E8100D53 /* Pods-ShoppingMall_Event_Page_App.release.xcconfig */;
			buildSettings = {
				ASSETCATALOG_COMPILER_APPICON_NAME = AppIcon;
				ASSETCATALOG_COMPILER_GLOBAL_ACCENT_COLOR_NAME = AccentColor;
				CODE_SIGN_STYLE = Automatic;
				CURRENT_PROJECT_VERSION = 1;
				GENERATE_INFOPLIST_FILE = YES;
				INFOPLIST_FILE = ShoppingMall_Event_Page_App/Info.plist;
				INFOPLIST_KEY_UIApplicationSupportsIndirectInputEvents = YES;
				INFOPLIST_KEY_UILaunchStoryboardName = LaunchScreen;
				INFOPLIST_KEY_UIMainStoryboardFile = Main;
				INFOPLIST_KEY_UISupportedInterfaceOrientations_iPad = "UIInterfaceOrientationPortrait UIInterfaceOrientationPortraitUpsideDown UIInterfaceOrientationLandscapeLeft UIInterfaceOrientationLandscapeRight";
				INFOPLIST_KEY_UISupportedInterfaceOrientations_iPhone = "UIInterfaceOrientationPortrait UIInterfaceOrientationLandscapeLeft UIInterfaceOrientationLandscapeRight";
				LD_RUNPATH_SEARCH_PATHS = (
					"$(inherited)",
					"@executable_path/Frameworks",
				);
				MARKETING_VERSION = 1.0;
				PRODUCT_BUNDLE_IDENTIFIER = "co.godo.ShoppingMall-Event-Page-App";
				PRODUCT_NAME = "$(TARGET_NAME)";
				SWIFT_EMIT_LOC_STRINGS = YES;
				SWIFT_VERSION = 5.0;
				TARGETED_DEVICE_FAMILY = "1,2";
			};
			name = Release;
		};
/* End XCBuildConfiguration section */

/* Begin XCConfigurationList section */
		F158194227688BD200C1CCEF /* Build configuration list for PBXProject "ShoppingMall_Event_Page_App" */ = {
			isa = XCConfigurationList;
			buildConfigurations = (
				F158195927688BD400C1CCEF /* Debug */,
				F158195A27688BD400C1CCEF /* Release */,
			);
			defaultConfigurationIsVisible = 0;
			defaultConfigurationName = Release;
		};
		F158195B27688BD400C1CCEF /* Build configuration list for PBXNativeTarget "ShoppingMall_Event_Page_App" */ = {
			isa = XCConfigurationList;
			buildConfigurations = (
				F158195C27688BD400C1CCEF /* Debug */,
				F158195D27688BD400C1CCEF /* Release */,
			);
			defaultConfigurationIsVisible = 0;
			defaultConfigurationName = Release;
		};
/* End XCConfigurationList section */
	};
	rootObject = F158193F27688BD200C1CCEF /* Project object */;
}
